
Microsoft Visual Studio Solution File, Format Version 12.00
Project("{FAE04EC0-301F-11D3-BF4B-00C04F79EFBC}") = "ApSafeFuzz", "ApSafeFuzz.csproj", "{2004103E-FD58-4FCF-A50E-C5BBA73612EA}"
EndProject
Global
	GlobalSection(SolutionConfigurationPlatforms) = preSolution
		Debug|Any CPU = Debug|Any CPU
		Release|Any CPU = Release|Any CPU
	EndGlobalSection
	GlobalSection(ProjectConfigurationPlatforms) = postSolution
		{2004103E-FD58-4FCF-A50E-C5BBA73612EA}.Debug|Any CPU.ActiveCfg = Debug|Any CPU
		{2004103E-FD58-4FCF-A50E-C5BBA73612EA}.Debug|Any CPU.Build.0 = Debug|Any CPU
		{2004103E-FD58-4FCF-A50E-C5BBA73612EA}.Release|Any CPU.ActiveCfg = Release|Any CPU
		{2004103E-FD58-4FCF-A50E-C5BBA73612EA}.Release|Any CPU.Build.0 = Release|Any CPU
	EndGlobalSection
EndGlobal
